# This file is automatically @generated by Cargo.
# It is not intended for manual editing.
version = 3

[[package]]
name = "adapters"
version = "0.1.0"
dependencies = [
 "core",
 "sqlite",
]

[[package]]
name = "cc"
version = "1.0.98"
source = "registry+https://github.com/rust-lang/crates.io-index"
checksum = "41c270e7540d725e65ac7f1b212ac8ce349719624d7bcff99f8e2e488e8cf03f"

[[package]]
name = "cli"
version = "0.1.0"
dependencies = [
 "adapters",
 "core",
 "sqlite",
]

[[package]]
name = "core"
version = "0.1.0"

[[package]]
name = "libc"
version = "0.2.155"
source = "registry+https://github.com/rust-lang/crates.io-index"
checksum = "97b3888a4aecf77e811145cadf6eef5901f4782c53886191b2f693f24761847c"

[[package]]
name = "pkg-config"
version = "0.3.30"
source = "registry+https://github.com/rust-lang/crates.io-index"
checksum = "d231b230927b5e4ad203db57bbcbee2802f6bce620b1e4a9024a07d94e2907ec"

[[package]]
name = "sqlite"
version = "0.33.0"
source = "registry+https://github.com/rust-lang/crates.io-index"
checksum = "78a97f6ee5b054b7cfddc3b6613fdea4c77af2ef8f8aac3048c7d0be31e605e3"
dependencies = [
 "libc",
 "sqlite3-sys",
]

[[package]]
name = "sqlite3-src"
version = "0.6.1"
source = "registry+https://github.com/rust-lang/crates.io-index"
checksum = "174d4a6df77c27db281fb23de1a6d968f3aaaa4807c2a1afa8056b971f947b4a"
dependencies = [
 "cc",
 "pkg-config",
]

[[package]]
name = "sqlite3-sys"
version = "0.16.0"
source = "registry+https://github.com/rust-lang/crates.io-index"
checksum = "aed0b61828382e1103930d2d5df1972d493173319730b481192e63d929097321"
dependencies = [
 "libc",
 "sqlite3-src",
]
